
Microsoft Visual Studio Solution File, Format Version 12.00
# Visual Studio Version 17
VisualStudioVersion = 17.10.35013.160
MinimumVisualStudioVersion = 10.0.40219.1
Project("{FAE04EC0-301F-11D3-BF4B-00C04F79EFBC}") = "CharacterSwapper", "CharacterSwapper\CharacterSwapper.csproj", "{A6607C99-8F98-4F04-AF48-FF0DD38E5C25}"
EndProject
Global
	GlobalSection(SolutionConfigurationPlatforms) = preSolution
		Debug|Any CPU = Debug|Any CPU
		Release|Any CPU = Release|Any CPU
	EndGlobalSection
	GlobalSection(ProjectConfigurationPlatforms) = postSolution
		{A6607C99-8F98-4F04-AF48-FF0DD38E5C25}.Debug|Any CPU.ActiveCfg = Debug|Any CPU
		{A6607C99-8F98-4F04-AF48-FF0DD38E5C25}.Debug|Any CPU.Build.0 = Debug|Any CPU
		{A6607C99-8F98-4F04-AF48-FF0DD38E5C25}.Release|Any CPU.ActiveCfg = Release|Any CPU
		{A6607C99-8F98-4F04-AF48-FF0DD38E5C25}.Release|Any CPU.Build.0 = Release|Any CPU
	EndGlobalSection
	GlobalSection(SolutionProperties) = preSolution
		HideSolutionNode = FALSE
	EndGlobalSection
	GlobalSection(ExtensibilityGlobals) = postSolution
		SolutionGuid = {90D02ACF-EFCF-4F20-93E9-FC89F865168D}
	EndGlobalSection
EndGlobal
